
Microsoft Visual Studio Solution File, Format Version 12.00
# Visual Studio Version 16
VisualStudioVersion = 16.0.33214.272
MinimumVisualStudioVersion = 10.0.40219.1
Project("{FAE04EC0-301F-11D3-BF4B-00C04F79EFBC}") = "ConsoleApp12", "ConsoleApp12.csproj", "{2F24A85E-E706-4D9C-BCD0-CD65F7D74592}"
EndProject
Global
	GlobalSection(SolutionConfigurationPlatforms) = preSolution
		Debug|Any CPU = Debug|Any CPU
		Release|Any CPU = Release|Any CPU
	EndGlobalSection
	GlobalSection(ProjectConfigurationPlatforms) = postSolution
		{2F24A85E-E706-4D9C-BCD0-CD65F7D74592}.Debug|Any CPU.ActiveCfg = Debug|Any CPU
		{2F24A85E-E706-4D9C-BCD0-CD65F7D74592}.Debug|Any CPU.Build.0 = Debug|Any CPU
		{2F24A85E-E706-4D9C-BCD0-CD65F7D74592}.Release|Any CPU.ActiveCfg = Release|Any CPU
		{2F24A85E-E706-4D9C-BCD0-CD65F7D74592}.Release|Any CPU.Build.0 = Release|Any CPU
	EndGlobalSection
	GlobalSection(SolutionProperties) = preSolution
		HideSolutionNode = FALSE
	EndGlobalSection
	GlobalSection(ExtensibilityGlobals) = postSolution
		SolutionGuid = {86469182-0C48-4459-AC27-902199B9439D}
	EndGlobalSection
EndGlobal
